
Microsoft Visual Studio Solution File, Format Version 12.00
# Visual Studio 15
VisualStudioVersion = 15.0.28307.902
MinimumVisualStudioVersion = 10.0.40219.1
Project("{FAE04EC0-301F-11D3-BF4B-00C04F79EFBC}") = "WebMessengerApp", "WebMessengerApp\WebMessengerApp.csproj", "{0507683D-C49C-402D-8E7D-78FA83BF0629}"
EndProject
Project("{FAE04EC0-301F-11D3-BF4B-00C04F79EFBC}") = "InstantMessenger", "InstantMessenger\InstantMessenger.csproj", "{47035C95-CEF7-4D0E-9584-5DE2C5E50A2C}"
EndProject
Global
	GlobalSection(SolutionConfigurationPlatforms) = preSolution
		Debug|Any CPU = Debug|Any CPU
		Release|Any CPU = Release|Any CPU
	EndGlobalSection
	GlobalSection(ProjectConfigurationPlatforms) = postSolution
		{0507683D-C49C-402D-8E7D-78FA83BF0629}.Debug|Any CPU.ActiveCfg = Debug|Any CPU
		{0507683D-C49C-402D-8E7D-78FA83BF0629}.Debug|Any CPU.Build.0 = Debug|Any CPU
		{0507683D-C49C-402D-8E7D-78FA83BF0629}.Release|Any CPU.ActiveCfg = Release|Any CPU
		{0507683D-C49C-402D-8E7D-78FA83BF0629}.Release|Any CPU.Build.0 = Release|Any CPU
		{47035C95-CEF7-4D0E-9584-5DE2C5E50A2C}.Debug|Any CPU.ActiveCfg = Debug|Any CPU
		{47035C95-CEF7-4D0E-9584-5DE2C5E50A2C}.Debug|Any CPU.Build.0 = Debug|Any CPU
		{47035C95-CEF7-4D0E-9584-5DE2C5E50A2C}.Release|Any CPU.ActiveCfg = Release|Any CPU
		{47035C95-CEF7-4D0E-9584-5DE2C5E50A2C}.Release|Any CPU.Build.0 = Release|Any CPU
	EndGlobalSection
	GlobalSection(SolutionProperties) = preSolution
		HideSolutionNode = FALSE
	EndGlobalSection
	GlobalSection(ExtensibilityGlobals) = postSolution
		SolutionGuid = {4DDDCEE9-469B-4DA0-B732-707469387D74}
	EndGlobalSection
EndGlobal
