
Microsoft Visual Studio Solution File, Format Version 12.00
# Visual Studio 15
VisualStudioVersion = 15.0.28307.902
MinimumVisualStudioVersion = 10.0.40219.1
Project("{FAE04EC0-301F-11D3-BF4B-00C04F79EFBC}") = "WindowsChatClient", "WindowsChatClient\WindowsChatClient.csproj", "{52CF3C50-6277-4EFA-A483-1406DE635447}"
EndProject
Global
	GlobalSection(SolutionConfigurationPlatforms) = preSolution
		Debug|Any CPU = Debug|Any CPU
		Release|Any CPU = Release|Any CPU
	EndGlobalSection
	GlobalSection(ProjectConfigurationPlatforms) = postSolution
		{52CF3C50-6277-4EFA-A483-1406DE635447}.Debug|Any CPU.ActiveCfg = Debug|Any CPU
		{52CF3C50-6277-4EFA-A483-1406DE635447}.Debug|Any CPU.Build.0 = Debug|Any CPU
		{52CF3C50-6277-4EFA-A483-1406DE635447}.Release|Any CPU.ActiveCfg = Release|Any CPU
		{52CF3C50-6277-4EFA-A483-1406DE635447}.Release|Any CPU.Build.0 = Release|Any CPU
	EndGlobalSection
	GlobalSection(SolutionProperties) = preSolution
		HideSolutionNode = FALSE
	EndGlobalSection
	GlobalSection(ExtensibilityGlobals) = postSolution
		SolutionGuid = {88F1D0F1-A316-402C-A1B0-2D453D52C17C}
	EndGlobalSection
EndGlobal
